// !$*UTF8*$!
{
	archiveVersion = 1;
	classes = {
	};
	objectVersion = 52;
	objects = {

/* Begin PBXBuildFile section */
		B45B9D8C26CA7D33008699DE /* Coordinator.swift in Sources */ = {isa = PBXBuildFile; fileRef = B45B9D8B26CA7D33008699DE /* Coordinator.swift */; };
		B45B9D8F26CA7D69008699DE /* AppCoordinator.swift in Sources */ = {isa = PBXBuildFile; fileRef = B45B9D8E26CA7D69008699DE /* AppCoordinator.swift */; };
		B45B9D9326CA7FD2008699DE /* ListCoordinator.swift in Sources */ = {isa = PBXBuildFile; fileRef = B45B9D9226CA7FD2008699DE /* ListCoordinator.swift */; };
		B45B9D9526CA7FD6008699DE /* ListViewModel.swift in Sources */ = {isa = PBXBuildFile; fileRef = B45B9D9426CA7FD6008699DE /* ListViewModel.swift */; };
		B45B9D9726CA7FDC008699DE /* ListViewController.swift in Sources */ = {isa = PBXBuildFile; fileRef = B45B9D9626CA7FDC008699DE /* ListViewController.swift */; };
		B45B9D9A26CA80C3008699DE /* Card.swift in Sources */ = {isa = PBXBuildFile; fileRef = B45B9D9926CA80C3008699DE /* Card.swift */; };
		B45B9D9D26CA82B7008699DE /* Alamofire in Frameworks */ = {isa = PBXBuildFile; productRef = B45B9D9C26CA82B7008699DE /* Alamofire */; };
		B45B9DA026CA82ED008699DE /* PromiseKit in Frameworks */ = {isa = PBXBuildFile; productRef = B45B9D9F26CA82ED008699DE /* PromiseKit */; };
		B45B9DA326CA82FD008699DE /* SDWebImage in Frameworks */ = {isa = PBXBuildFile; productRef = B45B9DA226CA82FD008699DE /* SDWebImage */; };
		B45B9DA626CA835F008699DE /* ApiService.swift in Sources */ = {isa = PBXBuildFile; fileRef = B45B9DA526CA835F008699DE /* ApiService.swift */; };
		B45B9DA826CA8363008699DE /* ApiRouter.swift in Sources */ = {isa = PBXBuildFile; fileRef = B45B9DA726CA8363008699DE /* ApiRouter.swift */; };
		B45B9DAA26CA850B008699DE /* Config.swift in Sources */ = {isa = PBXBuildFile; fileRef = B45B9DA926CA850B008699DE /* Config.swift */; };
		B45B9DAD26CA892F008699DE /* UIView+Extensions.swift in Sources */ = {isa = PBXBuildFile; fileRef = B45B9DAC26CA892F008699DE /* UIView+Extensions.swift */; };
		B4ECB16F26CA7A0A00782548 /* AppDelegate.swift in Sources */ = {isa = PBXBuildFile; fileRef = B4ECB16E26CA7A0A00782548 /* AppDelegate.swift */; };
		B4ECB17826CA7A0A00782548 /* Assets.xcassets in Resources */ = {isa = PBXBuildFile; fileRef = B4ECB17726CA7A0A00782548 /* Assets.xcassets */; };
		B4ECB17B26CA7A0A00782548 /* LaunchScreen.storyboard in Resources */ = {isa = PBXBuildFile; fileRef = B4ECB17926CA7A0A00782548 /* LaunchScreen.storyboard */; };
/* End PBXBuildFile section */

/* Begin PBXFileReference section */
		B45B9D8B26CA7D33008699DE /* Coordinator.swift */ = {isa = PBXFileReference; lastKnownFileType = sourcecode.swift; path = Coordinator.swift; sourceTree = "<group>"; };
		B45B9D8E26CA7D69008699DE /* AppCoordinator.swift */ = {isa = PBXFileReference; lastKnownFileType = sourcecode.swift; path = AppCoordinator.swift; sourceTree = "<group>"; };
		B45B9D9226CA7FD2008699DE /* ListCoordinator.swift */ = {isa = PBXFileReference; lastKnownFileType = sourcecode.swift; path = ListCoordinator.swift; sourceTree = "<group>"; };
		B45B9D9426CA7FD6008699DE /* ListViewModel.swift */ = {isa = PBXFileReference; lastKnownFileType = sourcecode.swift; path = ListViewModel.swift; sourceTree = "<group>"; };
		B45B9D9626CA7FDC008699DE /* ListViewController.swift */ = {isa = PBXFileReference; lastKnownFileType = sourcecode.swift; path = ListViewController.swift; sourceTree = "<group>"; };
		B45B9D9926CA80C3008699DE /* Card.swift */ = {isa = PBXFileReference; lastKnownFileType = sourcecode.swift; path = Card.swift; sourceTree = "<group>"; };
		B45B9DA526CA835F008699DE /* ApiService.swift */ = {isa = PBXFileReference; lastKnownFileType = sourcecode.swift; path = ApiService.swift; sourceTree = "<group>"; };
		B45B9DA726CA8363008699DE /* ApiRouter.swift */ = {isa = PBXFileReference; lastKnownFileType = sourcecode.swift; path = ApiRouter.swift; sourceTree = "<group>"; };
		B45B9DA926CA850B008699DE /* Config.swift */ = {isa = PBXFileReference; lastKnownFileType = sourcecode.swift; path = Config.swift; sourceTree = "<group>"; };
		B45B9DAC26CA892F008699DE /* UIView+Extensions.swift */ = {isa = PBXFileReference; lastKnownFileType = sourcecode.swift; path = "UIView+Extensions.swift"; sourceTree = "<group>"; };
		B4ECB16B26CA7A0A00782548 /* A1Task.app */ = {isa = PBXFileReference; explicitFileType = wrapper.application; includeInIndex = 0; path = A1Task.app; sourceTree = BUILT_PRODUCTS_DIR; };
		B4ECB16E26CA7A0A00782548 /* AppDelegate.swift */ = {isa = PBXFileReference; lastKnownFileType = sourcecode.swift; path = AppDelegate.swift; sourceTree = "<group>"; };
		B4ECB17726CA7A0A00782548 /* Assets.xcassets */ = {isa = PBXFileReference; lastKnownFileType = folder.assetcatalog; path = Assets.xcassets; sourceTree = "<group>"; };
		B4ECB17A26CA7A0A00782548 /* Base */ = {isa = PBXFileReference; lastKnownFileType = file.storyboard; name = Base; path = Base.lproj/LaunchScreen.storyboard; sourceTree = "<group>"; };
		B4ECB17C26CA7A0A00782548 /* Info.plist */ = {isa = PBXFileReference; lastKnownFileType = text.plist.xml; path = Info.plist; sourceTree = "<group>"; };
/* End PBXFileReference section */

/* Begin PBXFrameworksBuildPhase section */
		B4ECB16826CA7A0A00782548 /* Frameworks */ = {
			isa = PBXFrameworksBuildPhase;
			buildActionMask = 2147483647;
			files = (
				B45B9DA326CA82FD008699DE /* SDWebImage in Frameworks */,
				B45B9D9D26CA82B7008699DE /* Alamofire in Frameworks */,
				B45B9DA026CA82ED008699DE /* PromiseKit in Frameworks */,
			);
			runOnlyForDeploymentPostprocessing = 0;
		};
/* End PBXFrameworksBuildPhase section */

/* Begin PBXGroup section */
		B45B9D8A26CA7D25008699DE /* Architecture */ = {
			isa = PBXGroup;
			children = (
				B45B9D8B26CA7D33008699DE /* Coordinator.swift */,
			);
			path = Architecture;
			sourceTree = "<group>";
		};
		B45B9D8D26CA7D60008699DE /* Launch */ = {
			isa = PBXGroup;
			children = (
				B4ECB16E26CA7A0A00782548 /* AppDelegate.swift */,
				B45B9D8E26CA7D69008699DE /* AppCoordinator.swift */,
			);
			path = Launch;
			sourceTree = "<group>";
		};
		B45B9D9026CA7E47008699DE /* Scenes */ = {
			isa = PBXGroup;
			children = (
				B45B9D9126CA7FC9008699DE /* List */,
			);
			path = Scenes;
			sourceTree = "<group>";
		};
		B45B9D9126CA7FC9008699DE /* List */ = {
			isa = PBXGroup;
			children = (
				B45B9D9226CA7FD2008699DE /* ListCoordinator.swift */,
				B45B9D9426CA7FD6008699DE /* ListViewModel.swift */,
				B45B9D9626CA7FDC008699DE /* ListViewController.swift */,
			);
			path = List;
			sourceTree = "<group>";
		};
		B45B9D9826CA80B7008699DE /* Models */ = {
			isa = PBXGroup;
			children = (
				B45B9D9926CA80C3008699DE /* Card.swift */,
			);
			path = Models;
			sourceTree = "<group>";
		};
		B45B9DA426CA8346008699DE /* Services */ = {
			isa = PBXGroup;
			children = (
				B45B9DA526CA835F008699DE /* ApiService.swift */,
				B45B9DA726CA8363008699DE /* ApiRouter.swift */,
				B45B9DA926CA850B008699DE /* Config.swift */,
			);
			path = Services;
			sourceTree = "<group>";
		};
		B45B9DAB26CA8921008699DE /* Extensions */ = {
			isa = PBXGroup;
			children = (
				B45B9DAC26CA892F008699DE /* UIView+Extensions.swift */,
			);
			path = Extensions;
			sourceTree = "<group>";
		};
		B4ECB16226CA7A0A00782548 = {
			isa = PBXGroup;
			children = (
				B4ECB16D26CA7A0A00782548 /* A1Task */,
				B4ECB16C26CA7A0A00782548 /* Products */,
			);
			sourceTree = "<group>";
		};
		B4ECB16C26CA7A0A00782548 /* Products */ = {
			isa = PBXGroup;
			children = (
				B4ECB16B26CA7A0A00782548 /* A1Task.app */,
			);
			name = Products;
			sourceTree = "<group>";
		};
		B4ECB16D26CA7A0A00782548 /* A1Task */ = {
			isa = PBXGroup;
			children = (
				B45B9DA426CA8346008699DE /* Services */,
				B45B9D9826CA80B7008699DE /* Models */,
				B45B9D8D26CA7D60008699DE /* Launch */,
				B45B9D8A26CA7D25008699DE /* Architecture */,
				B45B9D9026CA7E47008699DE /* Scenes */,
				B45B9DAB26CA8921008699DE /* Extensions */,
				B4ECB17726CA7A0A00782548 /* Assets.xcassets */,
				B4ECB17926CA7A0A00782548 /* LaunchScreen.storyboard */,
				B4ECB17C26CA7A0A00782548 /* Info.plist */,
			);
			path = A1Task;
			sourceTree = "<group>";
		};
/* End PBXGroup section */

/* Begin PBXNativeTarget section */
		B4ECB16A26CA7A0A00782548 /* A1Task */ = {
			isa = PBXNativeTarget;
			buildConfigurationList = B4ECB17F26CA7A0A00782548 /* Build configuration list for PBXNativeTarget "A1Task" */;
			buildPhases = (
				B4ECB16726CA7A0A00782548 /* Sources */,
				B4ECB16826CA7A0A00782548 /* Frameworks */,
				B4ECB16926CA7A0A00782548 /* Resources */,
			);
			buildRules = (
			);
			dependencies = (
			);
			name = A1Task;
			packageProductDependencies = (
				B45B9D9C26CA82B7008699DE /* Alamofire */,
				B45B9D9F26CA82ED008699DE /* PromiseKit */,
				B45B9DA226CA82FD008699DE /* SDWebImage */,
			);
			productName = A1Task;
			productReference = B4ECB16B26CA7A0A00782548 /* A1Task.app */;
			productType = "com.apple.product-type.application";
		};
/* End PBXNativeTarget section */

/* Begin PBXProject section */
		B4ECB16326CA7A0A00782548 /* Project object */ = {
			isa = PBXProject;
			attributes = {
				LastSwiftUpdateCheck = 1250;
				LastUpgradeCheck = 1250;
				TargetAttributes = {
					B4ECB16A26CA7A0A00782548 = {
						CreatedOnToolsVersion = 12.5.1;
					};
				};
			};
			buildConfigurationList = B4ECB16626CA7A0A00782548 /* Build configuration list for PBXProject "A1Task" */;
			compatibilityVersion = "Xcode 9.3";
			developmentRegion = en;
			hasScannedForEncodings = 0;
			knownRegions = (
				en,
				Base,
			);
			mainGroup = B4ECB16226CA7A0A00782548;
			packageReferences = (
				B45B9D9B26CA82B7008699DE /* XCRemoteSwiftPackageReference "Alamofire" */,
				B45B9D9E26CA82ED008699DE /* XCRemoteSwiftPackageReference "PromiseKit" */,
				B45B9DA126CA82FD008699DE /* XCRemoteSwiftPackageReference "SDWebImage" */,
			);
			productRefGroup = B4ECB16C26CA7A0A00782548 /* Products */;
			projectDirPath = "";
			projectRoot = "";
			targets = (
				B4ECB16A26CA7A0A00782548 /* A1Task */,
			);
		};
/* End PBXProject section */

/* Begin PBXResourcesBuildPhase section */
		B4ECB16926CA7A0A00782548 /* Resources */ = {
			isa = PBXResourcesBuildPhase;
			buildActionMask = 2147483647;
			files = (
				B4ECB17B26CA7A0A00782548 /* LaunchScreen.storyboard in Resources */,
				B4ECB17826CA7A0A00782548 /* Assets.xcassets in Resources */,
			);
			runOnlyForDeploymentPostprocessing = 0;
		};
/* End PBXResourcesBuildPhase section */

/* Begin PBXSourcesBuildPhase section */
		B4ECB16726CA7A0A00782548 /* Sources */ = {
			isa = PBXSourcesBuildPhase;
			buildActionMask = 2147483647;
			files = (
				B45B9D9526CA7FD6008699DE /* ListViewModel.swift in Sources */,
				B45B9D9326CA7FD2008699DE /* ListCoordinator.swift in Sources */,
				B45B9D9A26CA80C3008699DE /* Card.swift in Sources */,
				B45B9D9726CA7FDC008699DE /* ListViewController.swift in Sources */,
				B45B9DA826CA8363008699DE /* ApiRouter.swift in Sources */,
				B45B9D8F26CA7D69008699DE /* AppCoordinator.swift in Sources */,
				B45B9D8C26CA7D33008699DE /* Coordinator.swift in Sources */,
				B45B9DAA26CA850B008699DE /* Config.swift in Sources */,
				B45B9DA626CA835F008699DE /* ApiService.swift in Sources */,
				B4ECB16F26CA7A0A00782548 /* AppDelegate.swift in Sources */,
				B45B9DAD26CA892F008699DE /* UIView+Extensions.swift in Sources */,
			);
			runOnlyForDeploymentPostprocessing = 0;
		};
/* End PBXSourcesBuildPhase section */

/* Begin PBXVariantGroup section */
		B4ECB17926CA7A0A00782548 /* LaunchScreen.storyboard */ = {
			isa = PBXVariantGroup;
			children = (
				B4ECB17A26CA7A0A00782548 /* Base */,
			);
			name = LaunchScreen.storyboard;
			sourceTree = "<group>";
		};
/* End PBXVariantGroup section */

/* Begin XCBuildConfiguration section */
		B4ECB17D26CA7A0A00782548 /* Debug */ = {
			isa = XCBuildConfiguration;
			buildSettings = {
				ALWAYS_SEARCH_USER_PATHS = NO;
				CLANG_ANALYZER_NONNULL = YES;
				CLANG_ANALYZER_NUMBER_OBJECT_CONVERSION = YES_AGGRESSIVE;
				CLANG_CXX_LANGUAGE_STANDARD = "gnu++14";
				CLANG_CXX_LIBRARY = "libc++";
				CLANG_ENABLE_MODULES = YES;
				CLANG_ENABLE_OBJC_ARC = YES;
				CLANG_ENABLE_OBJC_WEAK = YES;
				CLANG_WARN_BLOCK_CAPTURE_AUTORELEASING = YES;
				CLANG_WARN_BOOL_CONVERSION = YES;
				CLANG_WARN_COMMA = YES;
				CLANG_WARN_CONSTANT_CONVERSION = YES;
				CLANG_WARN_DEPRECATED_OBJC_IMPLEMENTATIONS = YES;
				CLANG_WARN_DIRECT_OBJC_ISA_USAGE = YES_ERROR;
				CLANG_WARN_DOCUMENTATION_COMMENTS = YES;
				CLANG_WARN_EMPTY_BODY = YES;
				CLANG_WARN_ENUM_CONVERSION = YES;
				CLANG_WARN_INFINITE_RECURSION = YES;
				CLANG_WARN_INT_CONVERSION = YES;
				CLANG_WARN_NON_LITERAL_NULL_CONVERSION = YES;
				CLANG_WARN_OBJC_IMPLICIT_RETAIN_SELF = YES;
				CLANG_WARN_OBJC_LITERAL_CONVERSION = YES;
				CLANG_WARN_OBJC_ROOT_CLASS = YES_ERROR;
				CLANG_WARN_QUOTED_INCLUDE_IN_FRAMEWORK_HEADER = YES;
				CLANG_WARN_RANGE_LOOP_ANALYSIS = YES;
				CLANG_WARN_STRICT_PROTOTYPES = YES;
				CLANG_WARN_SUSPICIOUS_MOVE = YES;
				CLANG_WARN_UNGUARDED_AVAILABILITY = YES_AGGRESSIVE;
				CLANG_WARN_UNREACHABLE_CODE = YES;
				CLANG_WARN__DUPLICATE_METHOD_MATCH = YES;
				COPY_PHASE_STRIP = NO;
				DEBUG_INFORMATION_FORMAT = dwarf;
				ENABLE_STRICT_OBJC_MSGSEND = YES;
				ENABLE_TESTABILITY = YES;
				GCC_C_LANGUAGE_STANDARD = gnu11;
				GCC_DYNAMIC_NO_PIC = NO;
				GCC_NO_COMMON_BLOCKS = YES;
				GCC_OPTIMIZATION_LEVEL = 0;
				GCC_PREPROCESSOR_DEFINITIONS = (
					"DEBUG=1",
					"$(inherited)",
				);
				GCC_WARN_64_TO_32_BIT_CONVERSION = YES;
				GCC_WARN_ABOUT_RETURN_TYPE = YES_ERROR;
				GCC_WARN_UNDECLARED_SELECTOR = YES;
				GCC_WARN_UNINITIALIZED_AUTOS = YES_AGGRESSIVE;
				GCC_WARN_UNUSED_FUNCTION = YES;
				GCC_WARN_UNUSED_VARIABLE = YES;
				IPHONEOS_DEPLOYMENT_TARGET = 12.0;
				MTL_ENABLE_DEBUG_INFO = INCLUDE_SOURCE;
				MTL_FAST_MATH = YES;
				ONLY_ACTIVE_ARCH = YES;
				SDKROOT = iphoneos;
				SWIFT_ACTIVE_COMPILATION_CONDITIONS = DEBUG;
				SWIFT_OPTIMIZATION_LEVEL = "-Onone";
			};
			name = Debug;
		};
		B4ECB17E26CA7A0A00782548 /* Release */ = {
			isa = XCBuildConfiguration;
			buildSettings = {
				ALWAYS_SEARCH_USER_PATHS = NO;
				CLANG_ANALYZER_NONNULL = YES;
				CLANG_ANALYZER_NUMBER_OBJECT_CONVERSION = YES_AGGRESSIVE;
				CLANG_CXX_LANGUAGE_STANDARD = "gnu++14";
				CLANG_CXX_LIBRARY = "libc++";
				CLANG_ENABLE_MODULES = YES;
				CLANG_ENABLE_OBJC_ARC = YES;
				CLANG_ENABLE_OBJC_WEAK = YES;
				CLANG_WARN_BLOCK_CAPTURE_AUTORELEASING = YES;
				CLANG_WARN_BOOL_CONVERSION = YES;
				CLANG_WARN_COMMA = YES;
				CLANG_WARN_CONSTANT_CONVERSION = YES;
				CLANG_WARN_DEPRECATED_OBJC_IMPLEMENTATIONS = YES;
				CLANG_WARN_DIRECT_OBJC_ISA_USAGE = YES_ERROR;
				CLANG_WARN_DOCUMENTATION_COMMENTS = YES;
				CLANG_WARN_EMPTY_BODY = YES;
				CLANG_WARN_ENUM_CONVERSION = YES;
				CLANG_WARN_INFINITE_RECURSION = YES;
				CLANG_WARN_INT_CONVERSION = YES;
				CLANG_WARN_NON_LITERAL_NULL_CONVERSION = YES;
				CLANG_WARN_OBJC_IMPLICIT_RETAIN_SELF = YES;
				CLANG_WARN_OBJC_LITERAL_CONVERSION = YES;
				CLANG_WARN_OBJC_ROOT_CLASS = YES_ERROR;
				CLANG_WARN_QUOTED_INCLUDE_IN_FRAMEWORK_HEADER = YES;
				CLANG_WARN_RANGE_LOOP_ANALYSIS = YES;
				CLANG_WARN_STRICT_PROTOTYPES = YES;
				CLANG_WARN_SUSPICIOUS_MOVE = YES;
				CLANG_WARN_UNGUARDED_AVAILABILITY = YES_AGGRESSIVE;
				CLANG_WARN_UNREACHABLE_CODE = YES;
				CLANG_WARN__DUPLICATE_METHOD_MATCH = YES;
				COPY_PHASE_STRIP = NO;
				DEBUG_INFORMATION_FORMAT = "dwarf-with-dsym";
				ENABLE_NS_ASSERTIONS = NO;
				ENABLE_STRICT_OBJC_MSGSEND = YES;
				GCC_C_LANGUAGE_STANDARD = gnu11;
				GCC_NO_COMMON_BLOCKS = YES;
				GCC_WARN_64_TO_32_BIT_CONVERSION = YES;
				GCC_WARN_ABOUT_RETURN_TYPE = YES_ERROR;
				GCC_WARN_UNDECLARED_SELECTOR = YES;
				GCC_WARN_UNINITIALIZED_AUTOS = YES_AGGRESSIVE;
				GCC_WARN_UNUSED_FUNCTION = YES;
				GCC_WARN_UNUSED_VARIABLE = YES;
				IPHONEOS_DEPLOYMENT_TARGET = 12.0;
				MTL_ENABLE_DEBUG_INFO = NO;
				MTL_FAST_MATH = YES;
				SDKROOT = iphoneos;
				SWIFT_COMPILATION_MODE = wholemodule;
				SWIFT_OPTIMIZATION_LEVEL = "-O";
				VALIDATE_PRODUCT = YES;
			};
			name = Release;
		};
		B4ECB18026CA7A0A00782548 /* Debug */ = {
			isa = XCBuildConfiguration;
			buildSettings = {
				ASSETCATALOG_COMPILER_APPICON_NAME = AppIcon;
				ASSETCATALOG_COMPILER_GLOBAL_ACCENT_COLOR_NAME = AccentColor;
				CODE_SIGN_STYLE = Automatic;
				DEVELOPMENT_TEAM = NS75N22AKL;
				INFOPLIST_FILE = A1Task/Info.plist;
				LD_RUNPATH_SEARCH_PATHS = (
					"$(inherited)",
					"@executable_path/Frameworks",
				);
				PRODUCT_BUNDLE_IDENTIFIER = jenjan.A1Task;
				PRODUCT_NAME = "$(TARGET_NAME)";
				SWIFT_VERSION = 5.0;
				TARGETED_DEVICE_FAMILY = "1,2";
			};
			name = Debug;
		};
		B4ECB18126CA7A0A00782548 /* Release */ = {
			isa = XCBuildConfiguration;
			buildSettings = {
				ASSETCATALOG_COMPILER_APPICON_NAME = AppIcon;
				ASSETCATALOG_COMPILER_GLOBAL_ACCENT_COLOR_NAME = AccentColor;
				CODE_SIGN_STYLE = Automatic;
				DEVELOPMENT_TEAM = NS75N22AKL;
				INFOPLIST_FILE = A1Task/Info.plist;
				LD_RUNPATH_SEARCH_PATHS = (
					"$(inherited)",
					"@executable_path/Frameworks",
				);
				PRODUCT_BUNDLE_IDENTIFIER = jenjan.A1Task;
				PRODUCT_NAME = "$(TARGET_NAME)";
				SWIFT_VERSION = 5.0;
				TARGETED_DEVICE_FAMILY = "1,2";
			};
			name = Release;
		};
/* End XCBuildConfiguration section */

/* Begin XCConfigurationList section */
		B4ECB16626CA7A0A00782548 /* Build configuration list for PBXProject "A1Task" */ = {
			isa = XCConfigurationList;
			buildConfigurations = (
				B4ECB17D26CA7A0A00782548 /* Debug */,
				B4ECB17E26CA7A0A00782548 /* Release */,
			);
			defaultConfigurationIsVisible = 0;
			defaultConfigurationName = Release;
		};
		B4ECB17F26CA7A0A00782548 /* Build configuration list for PBXNativeTarget "A1Task" */ = {
			isa = XCConfigurationList;
			buildConfigurations = (
				B4ECB18026CA7A0A00782548 /* Debug */,
				B4ECB18126CA7A0A00782548 /* Release */,
			);
			defaultConfigurationIsVisible = 0;
			defaultConfigurationName = Release;
		};
/* End XCConfigurationList section */

/* Begin XCRemoteSwiftPackageReference section */
		B45B9D9B26CA82B7008699DE /* XCRemoteSwiftPackageReference "Alamofire" */ = {
			isa = XCRemoteSwiftPackageReference;
			repositoryURL = "https://github.com/Alamofire/Alamofire.git";
			requirement = {
				kind = upToNextMajorVersion;
				minimumVersion = 5.4.3;
			};
		};
		B45B9D9E26CA82ED008699DE /* XCRemoteSwiftPackageReference "PromiseKit" */ = {
			isa = XCRemoteSwiftPackageReference;
			repositoryURL = "https://github.com/mxcl/PromiseKit";
			requirement = {
				kind = upToNextMajorVersion;
				minimumVersion = 6.15.3;
			};
		};
		B45B9DA126CA82FD008699DE /* XCRemoteSwiftPackageReference "SDWebImage" */ = {
			isa = XCRemoteSwiftPackageReference;
			repositoryURL = "https://github.com/SDWebImage/SDWebImage.git";
			requirement = {
				kind = upToNextMajorVersion;
				minimumVersion = 5.11.1;
			};
		};
/* End XCRemoteSwiftPackageReference section */

/* Begin XCSwiftPackageProductDependency section */
		B45B9D9C26CA82B7008699DE /* Alamofire */ = {
			isa = XCSwiftPackageProductDependency;
			package = B45B9D9B26CA82B7008699DE /* XCRemoteSwiftPackageReference "Alamofire" */;
			productName = Alamofire;
		};
		B45B9D9F26CA82ED008699DE /* PromiseKit */ = {
			isa = XCSwiftPackageProductDependency;
			package = B45B9D9E26CA82ED008699DE /* XCRemoteSwiftPackageReference "PromiseKit" */;
			productName = PromiseKit;
		};
		B45B9DA226CA82FD008699DE /* SDWebImage */ = {
			isa = XCSwiftPackageProductDependency;
			package = B45B9DA126CA82FD008699DE /* XCRemoteSwiftPackageReference "SDWebImage" */;
			productName = SDWebImage;
		};
/* End XCSwiftPackageProductDependency section */
	};
	rootObject = B4ECB16326CA7A0A00782548 /* Project object */;
}
